
Microsoft Visual Studio Solution File, Format Version 12.00
# Visual Studio Version 17
VisualStudioVersion = 17.13.35931.197
MinimumVisualStudioVersion = 10.0.40219.1
Project("{FAE04EC0-301F-11D3-BF4B-00C04F79EFBC}") = "BlazorApp.Bootstrap.Navs", "src\BlazorApp.Bootstrap.Navs\BlazorApp.Bootstrap.Navs.csproj", "{658BC4A4-5058-4289-A03D-02F382158C62}"
EndProject
Project("{FAE04EC0-301F-11D3-BF4B-00C04F79EFBC}") = "BlazorApp.Bootstrap.Data", "src\BlazorApp.Bootstrap.Data\BlazorApp.Bootstrap.Data.csproj", "{8EE9A393-1A04-404A-BCC0-E7FC64F47CDC}"
EndProject
Project("{2150E333-8FDC-42A3-9474-1A3956D46DE8}") = "Main", "Main", "{02EA681E-C7D8-13C7-8484-4AC65E1B71E8}"
	ProjectSection(SolutionItems) = preProject
		.gitignore = .gitignore
		LICENSE = LICENSE
		README.md = README.md
	EndProjectSection
EndProject
Project("{FAE04EC0-301F-11D3-BF4B-00C04F79EFBC}") = "BlazorApp.Bootstrap.Business", "src\BlazorApp.Bootstrap.Business\BlazorApp.Bootstrap.Business.csproj", "{244C45F4-0659-4EE5-A6A8-B13BAE46F3F7}"
EndProject
Global
	GlobalSection(SolutionConfigurationPlatforms) = preSolution
		Debug|Any CPU = Debug|Any CPU
		Release|Any CPU = Release|Any CPU
	EndGlobalSection
	GlobalSection(ProjectConfigurationPlatforms) = postSolution
		{658BC4A4-5058-4289-A03D-02F382158C62}.Debug|Any CPU.ActiveCfg = Debug|Any CPU
		{658BC4A4-5058-4289-A03D-02F382158C62}.Debug|Any CPU.Build.0 = Debug|Any CPU
		{658BC4A4-5058-4289-A03D-02F382158C62}.Release|Any CPU.ActiveCfg = Release|Any CPU
		{658BC4A4-5058-4289-A03D-02F382158C62}.Release|Any CPU.Build.0 = Release|Any CPU
		{8EE9A393-1A04-404A-BCC0-E7FC64F47CDC}.Debug|Any CPU.ActiveCfg = Debug|Any CPU
		{8EE9A393-1A04-404A-BCC0-E7FC64F47CDC}.Debug|Any CPU.Build.0 = Debug|Any CPU
		{8EE9A393-1A04-404A-BCC0-E7FC64F47CDC}.Release|Any CPU.ActiveCfg = Release|Any CPU
		{8EE9A393-1A04-404A-BCC0-E7FC64F47CDC}.Release|Any CPU.Build.0 = Release|Any CPU
		{244C45F4-0659-4EE5-A6A8-B13BAE46F3F7}.Debug|Any CPU.ActiveCfg = Debug|Any CPU
		{244C45F4-0659-4EE5-A6A8-B13BAE46F3F7}.Debug|Any CPU.Build.0 = Debug|Any CPU
		{244C45F4-0659-4EE5-A6A8-B13BAE46F3F7}.Release|Any CPU.ActiveCfg = Release|Any CPU
		{244C45F4-0659-4EE5-A6A8-B13BAE46F3F7}.Release|Any CPU.Build.0 = Release|Any CPU
	EndGlobalSection
	GlobalSection(SolutionProperties) = preSolution
		HideSolutionNode = FALSE
	EndGlobalSection
	GlobalSection(ExtensibilityGlobals) = postSolution
		SolutionGuid = {2F2DA5CE-4B28-4A6C-9AF2-402AF16DF9C2}
	EndGlobalSection
EndGlobal
